{
    "_readme": [
        "This file locks the dependencies of your project to a known state",
        "Read more about it at https://getcomposer.org/doc/01-basic-usage.md#composer-lock-the-lock-file",
        "This file is @generated automatically"
    ],
    "hash": "4d14718bf2c4ba7c8ac6fb071b81a57e",
    "content-hash": "ccef8eeefec0c9e26a8ff8dfe9fbe308",
    "packages": [],
    "packages-dev": [
        {
            "name": "uspc/feeds-api",
            "version": "dev-master",
            "source": {
                "type": "git",
                "url": "https://github.com/mykola-uspc/feeds-api.git",
                "reference": "16fb8642b50b9e917eca3f7201744f4612510da3"
            },
            "dist": {
                "type": "zip",
                "url": "https://api.github.com/repos/mykola-uspc/feeds-api/zipball/16fb8642b50b9e917eca3f7201744f4612510da3",
                "reference": "16fb8642b50b9e917eca3f7201744f4612510da3",
                "shasum": ""
            },
            "require": {
                "php": ">=5.4.0"
            },
            "type": "library",
            "autoload": {
                "psr-0": {
                    "USPC": "src"
                }
            },
            "notification-url": "https://packagist.org/downloads/",
            "authors": [
                {
                    "name": "Mykola Martynov",
                    "email": "mykola.martynov@hotmail.com"
                }
            ],
            "time": "2016-04-26 15:14:51"
        }
    ],
    "aliases": [],
    "minimum-stability": "dev",
    "stability-flags": {
        "uspc/feeds-api": 20
    },
    "prefer-stable": false,
    "prefer-lowest": false,
    "platform": {
        "php": ">=5.4.0"
    },
    "platform-dev": []
}
