{
    "_readme": [
        "This file locks the dependencies of your project to a known state",
        "Read more about it at https://getcomposer.org/doc/01-basic-usage.md#composer-lock-the-lock-file",
        "This file is @generated automatically"
    ],
    "hash": "9eae05e683d606a236bdebb48c71a7ff",
    "content-hash": "c45600406f19f8635c096f9ff04b1994",
    "packages": [
        {
            "name": "twig/twig",
            "version": "1.x-dev",
            "source": {
                "type": "git",
                "url": "https://github.com/twigphp/Twig.git",
                "reference": "3dfda00462b190f4b9666a7cb9ac9f4ba30aee24"
            },
            "dist": {
                "type": "zip",
                "url": "https://api.github.com/repos/twigphp/Twig/zipball/3dfda00462b190f4b9666a7cb9ac9f4ba30aee24",
                "reference": "3dfda00462b190f4b9666a7cb9ac9f4ba30aee24",
                "shasum": ""
            },
            "require": {
                "php": ">=5.2.7"
            },
            "require-dev": {
                "symfony/debug": "~2.7",
                "symfony/phpunit-bridge": "~2.7"
            },
            "type": "library",
            "extra": {
                "branch-alias": {
                    "dev-master": "1.24-dev"
                }
            },
            "autoload": {
                "psr-0": {
                    "Twig_": "lib/"
                }
            },
            "notification-url": "https://packagist.org/downloads/",
            "license": [
                "BSD-3-Clause"
            ],
            "authors": [
                {
                    "name": "Fabien Potencier",
                    "email": "fabien@symfony.com",
                    "homepage": "http://fabien.potencier.org",
                    "role": "Lead Developer"
                },
                {
                    "name": "Armin Ronacher",
                    "email": "armin.ronacher@active-4.com",
                    "role": "Project Founder"
                },
                {
                    "name": "Twig Team",
                    "homepage": "http://twig.sensiolabs.org/contributors",
                    "role": "Contributors"
                }
            ],
            "description": "Twig, the flexible, fast, and secure template language for PHP",
            "homepage": "http://twig.sensiolabs.org",
            "keywords": [
                "templating"
            ],
            "time": "2016-05-20 06:13:46"
        }
    ],
    "packages-dev": [
        {
            "name": "uspc/feeds-api",
            "version": "dev-master",
            "source": {
                "type": "git",
                "url": "https://github.com/uspc-dev/feeds-api.git",
                "reference": "70dd5c683d97f3707504219dfb2e237385813830"
            },
            "dist": {
                "type": "zip",
                "url": "https://api.github.com/repos/uspc-dev/feeds-api/zipball/70dd5c683d97f3707504219dfb2e237385813830",
                "reference": "70dd5c683d97f3707504219dfb2e237385813830",
                "shasum": ""
            },
            "require": {
                "php": ">=5.4.0"
            },
            "type": "library",
            "autoload": {
                "psr-0": {
                    "USPC": "src"
                }
            },
            "notification-url": "https://packagist.org/downloads/",
            "authors": [
                {
                    "name": "Mykola Martynov",
                    "email": "mykola.martynov@hotmail.com"
                }
            ],
            "description": "The package is used to get access for remote feeds",
            "time": "2016-05-24 16:07:39"
        }
    ],
    "aliases": [],
    "minimum-stability": "dev",
    "stability-flags": {
        "uspc/feeds-api": 20
    },
    "prefer-stable": false,
    "prefer-lowest": false,
    "platform": {
        "php": ">=5.4.0"
    },
    "platform-dev": []
}
